<Solution>
  <Folder Name="/Repositories/">
    <File Path="IRepository.cs" />
    <File Path="Repository.cs" />
  </Folder>
  <Folder Name="/Services/">
    <File Path="IOrderService.cs" />
    <File Path="IProductService.cs" />
    <File Path="OrderService.cs" />
    <File Path="ProductService.cs" />
  </Folder>
  <Folder Name="/ViewModels/">
    <File Path="CheckoutViewModel.cs" />
  </Folder>
  <Project Path="GlassyStore.csproj" />
</Solution>
